FORGE
  remote: https://forgeapi.puppetlabs.com
  specs:
    adrien-alternatives (0.3.0)
    camptocamp-buildenv (0.3.17)
    camptocamp-mcollective (3.1.3)
      camptocamp-ruby (< 2.0.0, >= 1.0.0)
      puppetlabs-concat (< 2.0.0, >= 1.0.0)
      puppetlabs-stdlib (< 5.0.0, >= 3.2.0)
    camptocamp-ruby (1.1.11)
      camptocamp-buildenv (< 1.0.0, >= 0.0.2)
      puppetlabs-stdlib (< 5.0.0, >= 3.2.0)
    jbussdieker-activemq (0.0.3)
    puppet-extlib (0.11.0)
      puppetlabs-stdlib (>= 0)
    puppetlabs-apache (1.8.1)
      puppetlabs-concat (< 3.0.0, >= 1.1.1)
      puppetlabs-stdlib (< 5.0.0, >= 2.4.0)
    puppetlabs-apt (2.2.2)
      puppetlabs-stdlib (< 5.0.0, >= 4.5.0)
    puppetlabs-concat (1.2.5)
      puppetlabs-stdlib (< 5.0.0, >= 3.2.0)
    puppetlabs-firewall (1.8.0)
    puppetlabs-java (1.4.3)
      puppetlabs-stdlib (< 5.0.0, >= 2.4.0)
    puppetlabs-postgresql (4.7.1)
      puppetlabs-apt (< 3.0.0, >= 1.8.0)
      puppetlabs-concat (< 3.0.0, >= 1.1.0)
      puppetlabs-stdlib (~> 4.0)
    puppetlabs-stdlib (4.11.0)
    puppetlabs-xinetd (1.5.0)
      puppetlabs-stdlib (>= 2.2.1)
    theforeman-foreman (5.1.0)
      adrien-alternatives (< 1.0.0, >= 0.3.0)
      puppet-extlib (< 1.0.0, >= 0.10.4)
      puppetlabs-apache (< 2.0.0, >= 1.2.0)
      puppetlabs-apt (< 3.0.0)
      puppetlabs-concat (< 3.0.0, >= 1.0.0)
      puppetlabs-postgresql (< 5.0.0, >= 3.0.0)
      puppetlabs-stdlib (< 5.0.0, >= 4.2.0)
      theforeman-tftp (< 2.0.0, >= 1.4.0)
    theforeman-puppet (4.3.1)
      puppetlabs-apache (< 2.0.0, >= 1.2.0)
      puppetlabs-concat (< 3.0.0, >= 1.0.0)
      puppetlabs-stdlib (< 5.0.0, >= 4.2.0)
    theforeman-tftp (1.7.0)
      puppetlabs-stdlib (< 5.0.0, >= 2.3.0)
      puppetlabs-xinetd (< 2.0.0, >= 1.1.0)

DEPENDENCIES
  camptocamp-mcollective (>= 0)
  jbussdieker-activemq (>= 0)
  puppetlabs-firewall (>= 0)
  puppetlabs-java (>= 0)
  theforeman-foreman (>= 0)
  theforeman-puppet (>= 0)

